
Microsoft Visual Studio Solution File, Format Version 12.00
# Visual Studio 2013
VisualStudioVersion = 12.0.21005.1
MinimumVisualStudioVersion = 10.0.40219.1
Project("{FAE04EC0-301F-11D3-BF4B-00C04F79EFBC}") = "DAL", "DAL\DAL.csproj", "{DA8577AF-F6F4-42F3-84DC-25406B060DFA}"
EndProject
Project("{FAE04EC0-301F-11D3-BF4B-00C04F79EFBC}") = "UILib", "UILib\UILib.csproj", "{4C051CE9-D03D-4BCA-872E-D0C4E20B2004}"
EndProject
Project("{FAE04EC0-301F-11D3-BF4B-00C04F79EFBC}") = "Model", "Model\Model.csproj", "{6C358595-6627-4201-847F-0669B56F145B}"
EndProject
Project("{FAE04EC0-301F-11D3-BF4B-00C04F79EFBC}") = "DBUtility", "DBUtility\DBUtility.csproj", "{0988C62E-247F-471F-A183-DB509C7A3839}"
EndProject
Project("{FAE04EC0-301F-11D3-BF4B-00C04F79EFBC}") = "Common", "Common\Common.csproj", "{C5D3C9A2-5298-4599-818E-0D4FF1B2E7D4}"
EndProject
Project("{FAE04EC0-301F-11D3-BF4B-00C04F79EFBC}") = "DDI", "DDI\DDI.csproj", "{3673DBEB-92AD-40FA-B540-8662DE8EC9E0}"
EndProject
Project("{FAE04EC0-301F-11D3-BF4B-00C04F79EFBC}") = "DDIWebApp", "DDIWebApp\DDIWebApp.csproj", "{69DD6E25-12A6-481B-8558-8A6AE81C736B}"
EndProject
Project("{FAE04EC0-301F-11D3-BF4B-00C04F79EFBC}") = "EncryptText", "EncryptText\EncryptText.csproj", "{D54C564C-6CDF-4B57-9AB3-54963FCA65E0}"
EndProject
Global
	GlobalSection(SolutionConfigurationPlatforms) = preSolution
		Debug|Any CPU = Debug|Any CPU
		Release|Any CPU = Release|Any CPU
	EndGlobalSection
	GlobalSection(ProjectConfigurationPlatforms) = postSolution
		{DA8577AF-F6F4-42F3-84DC-25406B060DFA}.Debug|Any CPU.ActiveCfg = Debug|Any CPU
		{DA8577AF-F6F4-42F3-84DC-25406B060DFA}.Debug|Any CPU.Build.0 = Debug|Any CPU
		{DA8577AF-F6F4-42F3-84DC-25406B060DFA}.Release|Any CPU.ActiveCfg = Release|Any CPU
		{DA8577AF-F6F4-42F3-84DC-25406B060DFA}.Release|Any CPU.Build.0 = Release|Any CPU
		{4C051CE9-D03D-4BCA-872E-D0C4E20B2004}.Debug|Any CPU.ActiveCfg = Debug|Any CPU
		{4C051CE9-D03D-4BCA-872E-D0C4E20B2004}.Debug|Any CPU.Build.0 = Debug|Any CPU
		{4C051CE9-D03D-4BCA-872E-D0C4E20B2004}.Release|Any CPU.ActiveCfg = Release|Any CPU
		{4C051CE9-D03D-4BCA-872E-D0C4E20B2004}.Release|Any CPU.Build.0 = Release|Any CPU
		{6C358595-6627-4201-847F-0669B56F145B}.Debug|Any CPU.ActiveCfg = Debug|Any CPU
		{6C358595-6627-4201-847F-0669B56F145B}.Debug|Any CPU.Build.0 = Debug|Any CPU
		{6C358595-6627-4201-847F-0669B56F145B}.Release|Any CPU.ActiveCfg = Release|Any CPU
		{6C358595-6627-4201-847F-0669B56F145B}.Release|Any CPU.Build.0 = Release|Any CPU
		{0988C62E-247F-471F-A183-DB509C7A3839}.Debug|Any CPU.ActiveCfg = Debug|Any CPU
		{0988C62E-247F-471F-A183-DB509C7A3839}.Debug|Any CPU.Build.0 = Debug|Any CPU
		{0988C62E-247F-471F-A183-DB509C7A3839}.Release|Any CPU.ActiveCfg = Release|Any CPU
		{0988C62E-247F-471F-A183-DB509C7A3839}.Release|Any CPU.Build.0 = Release|Any CPU
		{C5D3C9A2-5298-4599-818E-0D4FF1B2E7D4}.Debug|Any CPU.ActiveCfg = Debug|Any CPU
		{C5D3C9A2-5298-4599-818E-0D4FF1B2E7D4}.Debug|Any CPU.Build.0 = Debug|Any CPU
		{C5D3C9A2-5298-4599-818E-0D4FF1B2E7D4}.Release|Any CPU.ActiveCfg = Release|Any CPU
		{C5D3C9A2-5298-4599-818E-0D4FF1B2E7D4}.Release|Any CPU.Build.0 = Release|Any CPU
		{3673DBEB-92AD-40FA-B540-8662DE8EC9E0}.Debug|Any CPU.ActiveCfg = Debug|Any CPU
		{3673DBEB-92AD-40FA-B540-8662DE8EC9E0}.Debug|Any CPU.Build.0 = Debug|Any CPU
		{3673DBEB-92AD-40FA-B540-8662DE8EC9E0}.Release|Any CPU.ActiveCfg = Release|Any CPU
		{3673DBEB-92AD-40FA-B540-8662DE8EC9E0}.Release|Any CPU.Build.0 = Release|Any CPU
		{69DD6E25-12A6-481B-8558-8A6AE81C736B}.Debug|Any CPU.ActiveCfg = Debug|Any CPU
		{69DD6E25-12A6-481B-8558-8A6AE81C736B}.Debug|Any CPU.Build.0 = Debug|Any CPU
		{69DD6E25-12A6-481B-8558-8A6AE81C736B}.Release|Any CPU.ActiveCfg = Release|Any CPU
		{69DD6E25-12A6-481B-8558-8A6AE81C736B}.Release|Any CPU.Build.0 = Release|Any CPU
		{D54C564C-6CDF-4B57-9AB3-54963FCA65E0}.Debug|Any CPU.ActiveCfg = Debug|Any CPU
		{D54C564C-6CDF-4B57-9AB3-54963FCA65E0}.Debug|Any CPU.Build.0 = Debug|Any CPU
		{D54C564C-6CDF-4B57-9AB3-54963FCA65E0}.Release|Any CPU.ActiveCfg = Release|Any CPU
		{D54C564C-6CDF-4B57-9AB3-54963FCA65E0}.Release|Any CPU.Build.0 = Release|Any CPU
	EndGlobalSection
	GlobalSection(SolutionProperties) = preSolution
		HideSolutionNode = FALSE
	EndGlobalSection
EndGlobal
